
Microsoft Visual Studio Solution File, Format Version 12.00
# Visual Studio Version 16
VisualStudioVersion = 16.0.31702.278
MinimumVisualStudioVersion = 10.0.40219.1
Project("{8BC9CEB8-8B4A-11D0-8D11-00A0C91BC942}") = "Data Structure Project", "Data Structure Project\Data Structure Project.vcxproj", "{4DA4D1DE-CE2F-4574-99D3-15E62C69D569}"
EndProject
Global
	GlobalSection(SolutionConfigurationPlatforms) = preSolution
		Debug|x64 = Debug|x64
		Debug|x86 = Debug|x86
		Release|x64 = Release|x64
		Release|x86 = Release|x86
	EndGlobalSection
	GlobalSection(ProjectConfigurationPlatforms) = postSolution
		{4DA4D1DE-CE2F-4574-99D3-15E62C69D569}.Debug|x64.ActiveCfg = Debug|x64
		{4DA4D1DE-CE2F-4574-99D3-15E62C69D569}.Debug|x64.Build.0 = Debug|x64
		{4DA4D1DE-CE2F-4574-99D3-15E62C69D569}.Debug|x86.ActiveCfg = Debug|Win32
		{4DA4D1DE-CE2F-4574-99D3-15E62C69D569}.Debug|x86.Build.0 = Debug|Win32
		{4DA4D1DE-CE2F-4574-99D3-15E62C69D569}.Release|x64.ActiveCfg = Release|x64
		{4DA4D1DE-CE2F-4574-99D3-15E62C69D569}.Release|x64.Build.0 = Release|x64
		{4DA4D1DE-CE2F-4574-99D3-15E62C69D569}.Release|x86.ActiveCfg = Release|Win32
		{4DA4D1DE-CE2F-4574-99D3-15E62C69D569}.Release|x86.Build.0 = Release|Win32
	EndGlobalSection
	GlobalSection(SolutionProperties) = preSolution
		HideSolutionNode = FALSE
	EndGlobalSection
	GlobalSection(ExtensibilityGlobals) = postSolution
		SolutionGuid = {1B6ECA91-A2CD-4708-922F-7A4A5723A713}
	EndGlobalSection
EndGlobal
